
Microsoft Visual Studio Solution File, Format Version 12.00
# Visual Studio Version 16
VisualStudioVersion = 16.0.30002.166
MinimumVisualStudioVersion = 10.0.40219.1
Project("{FAE04EC0-301F-11D3-BF4B-00C04F79EFBC}") = "cscondition", "cscondition\cscondition.csproj", "{CF109CB9-9A62-42FA-91A5-68C910CDE3EA}"
EndProject
Global
	GlobalSection(SolutionConfigurationPlatforms) = preSolution
		Debug|Any CPU = Debug|Any CPU
		Release|Any CPU = Release|Any CPU
	EndGlobalSection
	GlobalSection(ProjectConfigurationPlatforms) = postSolution
		{CF109CB9-9A62-42FA-91A5-68C910CDE3EA}.Debug|Any CPU.ActiveCfg = Debug|Any CPU
		{CF109CB9-9A62-42FA-91A5-68C910CDE3EA}.Debug|Any CPU.Build.0 = Debug|Any CPU
		{CF109CB9-9A62-42FA-91A5-68C910CDE3EA}.Release|Any CPU.ActiveCfg = Release|Any CPU
		{CF109CB9-9A62-42FA-91A5-68C910CDE3EA}.Release|Any CPU.Build.0 = Release|Any CPU
	EndGlobalSection
	GlobalSection(SolutionProperties) = preSolution
		HideSolutionNode = FALSE
	EndGlobalSection
	GlobalSection(ExtensibilityGlobals) = postSolution
		SolutionGuid = {47D72444-A03F-47FE-8A15-85E3FC7AD8BB}
	EndGlobalSection
EndGlobal
